
Microsoft Visual Studio Solution File, Format Version 12.00
# Visual Studio Version 16
VisualStudioVersion = 16.0.31624.102
MinimumVisualStudioVersion = 10.0.40219.1
Project("{FAE04EC0-301F-11D3-BF4B-00C04F79EFBC}") = "Delegates", "Delegates\Delegates.csproj", "{92B70E44-E236-4C40-A55C-55D1192EA22F}"
EndProject
Project("{FAE04EC0-301F-11D3-BF4B-00C04F79EFBC}") = "MulticastDeligates", "MulticastDeligates\MulticastDeligates.csproj", "{94CDFD7B-398D-4841-AE5D-63B20F6522BE}"
EndProject
Global
	GlobalSection(SolutionConfigurationPlatforms) = preSolution
		Debug|Any CPU = Debug|Any CPU
		Release|Any CPU = Release|Any CPU
	EndGlobalSection
	GlobalSection(ProjectConfigurationPlatforms) = postSolution
		{92B70E44-E236-4C40-A55C-55D1192EA22F}.Debug|Any CPU.ActiveCfg = Debug|Any CPU
		{92B70E44-E236-4C40-A55C-55D1192EA22F}.Debug|Any CPU.Build.0 = Debug|Any CPU
		{92B70E44-E236-4C40-A55C-55D1192EA22F}.Release|Any CPU.ActiveCfg = Release|Any CPU
		{92B70E44-E236-4C40-A55C-55D1192EA22F}.Release|Any CPU.Build.0 = Release|Any CPU
		{94CDFD7B-398D-4841-AE5D-63B20F6522BE}.Debug|Any CPU.ActiveCfg = Debug|Any CPU
		{94CDFD7B-398D-4841-AE5D-63B20F6522BE}.Debug|Any CPU.Build.0 = Debug|Any CPU
		{94CDFD7B-398D-4841-AE5D-63B20F6522BE}.Release|Any CPU.ActiveCfg = Release|Any CPU
		{94CDFD7B-398D-4841-AE5D-63B20F6522BE}.Release|Any CPU.Build.0 = Release|Any CPU
	EndGlobalSection
	GlobalSection(SolutionProperties) = preSolution
		HideSolutionNode = FALSE
	EndGlobalSection
	GlobalSection(ExtensibilityGlobals) = postSolution
		SolutionGuid = {443AF163-163B-4F88-94E0-03C4AC55FB77}
	EndGlobalSection
EndGlobal
